
Microsoft Visual Studio Solution File, Format Version 12.00
# Visual Studio Version 17
VisualStudioVersion = 17.13.35931.197
MinimumVisualStudioVersion = 10.0.40219.1
Project("{FAE04EC0-301F-11D3-BF4B-00C04F79EFBC}") = "MyconsoleApp", "MyconsoleApp\MyconsoleApp.csproj", "{5BB54B82-66E7-48CE-A700-77EAA07D81AB}"
EndProject
Project("{FAE04EC0-301F-11D3-BF4B-00C04F79EFBC}") = "Myclasslibrary", "Myclasslibrary\Myclasslibrary.csproj", "{B576D975-100B-4009-AD70-76969980A126}"
EndProject
Project("{FAE04EC0-301F-11D3-BF4B-00C04F79EFBC}") = "Mymathlib", "Mymathlib\Mymathlib.csproj", "{7FD1776F-3A03-4F1D-A137-7D24051E363F}"
EndProject
Global
	GlobalSection(SolutionConfigurationPlatforms) = preSolution
		Debug|Any CPU = Debug|Any CPU
		Release|Any CPU = Release|Any CPU
	EndGlobalSection
	GlobalSection(ProjectConfigurationPlatforms) = postSolution
		{5BB54B82-66E7-48CE-A700-77EAA07D81AB}.Debug|Any CPU.ActiveCfg = Debug|Any CPU
		{5BB54B82-66E7-48CE-A700-77EAA07D81AB}.Debug|Any CPU.Build.0 = Debug|Any CPU
		{5BB54B82-66E7-48CE-A700-77EAA07D81AB}.Release|Any CPU.ActiveCfg = Release|Any CPU
		{5BB54B82-66E7-48CE-A700-77EAA07D81AB}.Release|Any CPU.Build.0 = Release|Any CPU
		{B576D975-100B-4009-AD70-76969980A126}.Debug|Any CPU.ActiveCfg = Debug|Any CPU
		{B576D975-100B-4009-AD70-76969980A126}.Debug|Any CPU.Build.0 = Debug|Any CPU
		{B576D975-100B-4009-AD70-76969980A126}.Release|Any CPU.ActiveCfg = Release|Any CPU
		{B576D975-100B-4009-AD70-76969980A126}.Release|Any CPU.Build.0 = Release|Any CPU
		{7FD1776F-3A03-4F1D-A137-7D24051E363F}.Debug|Any CPU.ActiveCfg = Debug|Any CPU
		{7FD1776F-3A03-4F1D-A137-7D24051E363F}.Debug|Any CPU.Build.0 = Debug|Any CPU
		{7FD1776F-3A03-4F1D-A137-7D24051E363F}.Release|Any CPU.ActiveCfg = Release|Any CPU
		{7FD1776F-3A03-4F1D-A137-7D24051E363F}.Release|Any CPU.Build.0 = Release|Any CPU
	EndGlobalSection
	GlobalSection(SolutionProperties) = preSolution
		HideSolutionNode = FALSE
	EndGlobalSection
	GlobalSection(ExtensibilityGlobals) = postSolution
		SolutionGuid = {83F48CD4-41D7-42CD-AA8C-2F0DE086F758}
	EndGlobalSection
EndGlobal
