
Microsoft Visual Studio Solution File, Format Version 12.00
# Visual Studio Version 17
VisualStudioVersion = 17.13.35931.197 d17.13
MinimumVisualStudioVersion = 10.0.40219.1
Project("{FAE04EC0-301F-11D3-BF4B-00C04F79EFBC}") = "CoreWebApidemo", "CoreWebApidemo\CoreWebApidemo.csproj", "{4E56EAF8-F2FA-4E46-A2EC-0EA6EDE3F7F8}"
EndProject
Global
	GlobalSection(SolutionConfigurationPlatforms) = preSolution
		Debug|Any CPU = Debug|Any CPU
		Release|Any CPU = Release|Any CPU
	EndGlobalSection
	GlobalSection(ProjectConfigurationPlatforms) = postSolution
		{4E56EAF8-F2FA-4E46-A2EC-0EA6EDE3F7F8}.Debug|Any CPU.ActiveCfg = Debug|Any CPU
		{4E56EAF8-F2FA-4E46-A2EC-0EA6EDE3F7F8}.Debug|Any CPU.Build.0 = Debug|Any CPU
		{4E56EAF8-F2FA-4E46-A2EC-0EA6EDE3F7F8}.Release|Any CPU.ActiveCfg = Release|Any CPU
		{4E56EAF8-F2FA-4E46-A2EC-0EA6EDE3F7F8}.Release|Any CPU.Build.0 = Release|Any CPU
	EndGlobalSection
	GlobalSection(SolutionProperties) = preSolution
		HideSolutionNode = FALSE
	EndGlobalSection
	GlobalSection(ExtensibilityGlobals) = postSolution
		SolutionGuid = {4ADB97D7-4AEA-4D45-97F8-CE5EE4DB7AF8}
	EndGlobalSection
EndGlobal
