
Microsoft Visual Studio Solution File, Format Version 12.00
# Visual Studio Version 17
VisualStudioVersion = 17.13.35931.197 d17.13
MinimumVisualStudioVersion = 10.0.40219.1
Project("{FAE04EC0-301F-11D3-BF4B-00C04F79EFBC}") = "MinimalAPIdemo", "MinimalAPIdemo\MinimalAPIdemo.csproj", "{A9E02038-3698-468B-B789-AC021E5FD089}"
EndProject
Project("{FAE04EC0-301F-11D3-BF4B-00C04F79EFBC}") = "Testdemo", "Testdemo\Testdemo.csproj", "{7927B6C0-E54C-43F3-B8F8-62274C4AE3B2}"
EndProject
Project("{FAE04EC0-301F-11D3-BF4B-00C04F79EFBC}") = "TestProject1", "TestProject1\TestProject1.csproj", "{3C87109E-F490-4AD8-843E-0AE3A851842D}"
EndProject
Global
	GlobalSection(SolutionConfigurationPlatforms) = preSolution
		Debug|Any CPU = Debug|Any CPU
		Release|Any CPU = Release|Any CPU
	EndGlobalSection
	GlobalSection(ProjectConfigurationPlatforms) = postSolution
		{A9E02038-3698-468B-B789-AC021E5FD089}.Debug|Any CPU.ActiveCfg = Debug|Any CPU
		{A9E02038-3698-468B-B789-AC021E5FD089}.Debug|Any CPU.Build.0 = Debug|Any CPU
		{A9E02038-3698-468B-B789-AC021E5FD089}.Release|Any CPU.ActiveCfg = Release|Any CPU
		{A9E02038-3698-468B-B789-AC021E5FD089}.Release|Any CPU.Build.0 = Release|Any CPU
		{7927B6C0-E54C-43F3-B8F8-62274C4AE3B2}.Debug|Any CPU.ActiveCfg = Debug|Any CPU
		{7927B6C0-E54C-43F3-B8F8-62274C4AE3B2}.Debug|Any CPU.Build.0 = Debug|Any CPU
		{7927B6C0-E54C-43F3-B8F8-62274C4AE3B2}.Release|Any CPU.ActiveCfg = Release|Any CPU
		{7927B6C0-E54C-43F3-B8F8-62274C4AE3B2}.Release|Any CPU.Build.0 = Release|Any CPU
		{3C87109E-F490-4AD8-843E-0AE3A851842D}.Debug|Any CPU.ActiveCfg = Debug|Any CPU
		{3C87109E-F490-4AD8-843E-0AE3A851842D}.Debug|Any CPU.Build.0 = Debug|Any CPU
		{3C87109E-F490-4AD8-843E-0AE3A851842D}.Release|Any CPU.ActiveCfg = Release|Any CPU
		{3C87109E-F490-4AD8-843E-0AE3A851842D}.Release|Any CPU.Build.0 = Release|Any CPU
	EndGlobalSection
	GlobalSection(SolutionProperties) = preSolution
		HideSolutionNode = FALSE
	EndGlobalSection
	GlobalSection(ExtensibilityGlobals) = postSolution
		SolutionGuid = {DB10827E-86ED-43DB-9096-54876CEEB6F4}
	EndGlobalSection
EndGlobal
