
Microsoft Visual Studio Solution File, Format Version 12.00
# Visual Studio Version 17
VisualStudioVersion = 17.13.35931.197 d17.13
MinimumVisualStudioVersion = 10.0.40219.1
Project("{FAE04EC0-301F-11D3-BF4B-00C04F79EFBC}") = "LogDemo", "LogDemo\LogDemo.csproj", "{01B008B7-DFB7-4146-9711-FBC4FA767D17}"
EndProject
Global
	GlobalSection(SolutionConfigurationPlatforms) = preSolution
		Debug|Any CPU = Debug|Any CPU
		Release|Any CPU = Release|Any CPU
	EndGlobalSection
	GlobalSection(ProjectConfigurationPlatforms) = postSolution
		{01B008B7-DFB7-4146-9711-FBC4FA767D17}.Debug|Any CPU.ActiveCfg = Debug|Any CPU
		{01B008B7-DFB7-4146-9711-FBC4FA767D17}.Debug|Any CPU.Build.0 = Debug|Any CPU
		{01B008B7-DFB7-4146-9711-FBC4FA767D17}.Release|Any CPU.ActiveCfg = Release|Any CPU
		{01B008B7-DFB7-4146-9711-FBC4FA767D17}.Release|Any CPU.Build.0 = Release|Any CPU
	EndGlobalSection
	GlobalSection(SolutionProperties) = preSolution
		HideSolutionNode = FALSE
	EndGlobalSection
	GlobalSection(ExtensibilityGlobals) = postSolution
		SolutionGuid = {1B3B90FC-7997-4FEB-A8A9-D92884E1E641}
	EndGlobalSection
EndGlobal
